
Microsoft Visual Studio Solution File, Format Version 12.00
# Visual Studio Version 17
VisualStudioVersion = 17.8.34316.72
MinimumVisualStudioVersion = 10.0.40219.1
Project("{FAE04EC0-301F-11D3-BF4B-00C04F79EFBC}") = "DoiBanThan", "DoiBanThan\DoiBanThan.csproj", "{C72D7F44-7925-46CA-B5D2-46AB07B17849}"
EndProject
Global
	GlobalSection(SolutionConfigurationPlatforms) = preSolution
		Debug|Any CPU = Debug|Any CPU
		Release|Any CPU = Release|Any CPU
	EndGlobalSection
	GlobalSection(ProjectConfigurationPlatforms) = postSolution
		{C72D7F44-7925-46CA-B5D2-46AB07B17849}.Debug|Any CPU.ActiveCfg = Debug|Any CPU
		{C72D7F44-7925-46CA-B5D2-46AB07B17849}.Debug|Any CPU.Build.0 = Debug|Any CPU
		{C72D7F44-7925-46CA-B5D2-46AB07B17849}.Release|Any CPU.ActiveCfg = Release|Any CPU
		{C72D7F44-7925-46CA-B5D2-46AB07B17849}.Release|Any CPU.Build.0 = Release|Any CPU
	EndGlobalSection
	GlobalSection(SolutionProperties) = preSolution
		HideSolutionNode = FALSE
	EndGlobalSection
	GlobalSection(ExtensibilityGlobals) = postSolution
		SolutionGuid = {7726A8A5-9EE4-4236-8DEE-2CFFD0EE5E70}
	EndGlobalSection
EndGlobal
